
Microsoft Visual Studio Solution File, Format Version 12.00
# Visual Studio Version 16
VisualStudioVersion = 16.0.31613.86
MinimumVisualStudioVersion = 10.0.40219.1
Project("{FAE04EC0-301F-11D3-BF4B-00C04F79EFBC}") = "MyPizzaStore", "MyPizzaStore\MyPizzaStore.csproj", "{C6404D85-C892-427F-B8B8-B19505C6E0D5}"
EndProject
Global
	GlobalSection(SolutionConfigurationPlatforms) = preSolution
		Debug|Any CPU = Debug|Any CPU
		Release|Any CPU = Release|Any CPU
	EndGlobalSection
	GlobalSection(ProjectConfigurationPlatforms) = postSolution
		{C6404D85-C892-427F-B8B8-B19505C6E0D5}.Debug|Any CPU.ActiveCfg = Debug|Any CPU
		{C6404D85-C892-427F-B8B8-B19505C6E0D5}.Debug|Any CPU.Build.0 = Debug|Any CPU
		{C6404D85-C892-427F-B8B8-B19505C6E0D5}.Release|Any CPU.ActiveCfg = Release|Any CPU
		{C6404D85-C892-427F-B8B8-B19505C6E0D5}.Release|Any CPU.Build.0 = Release|Any CPU
	EndGlobalSection
	GlobalSection(SolutionProperties) = preSolution
		HideSolutionNode = FALSE
	EndGlobalSection
	GlobalSection(ExtensibilityGlobals) = postSolution
		SolutionGuid = {7A832BB2-4DEC-4B5E-8A03-EB261AE601B5}
	EndGlobalSection
EndGlobal
